
Microsoft Visual Studio Solution File, Format Version 12.00
# Visual Studio Version 16
VisualStudioVersion = 16.0.29403.142
MinimumVisualStudioVersion = 10.0.40219.1
Project("{FAE04EC0-301F-11D3-BF4B-00C04F79EFBC}") = "Classroom.SimpleCRM.SqlDbServices", "Classroom.SimpleCRM.SqlDbServices\Classroom.SimpleCRM.SqlDbServices.csproj", "{BC87E9F0-B858-4C8F-A167-29A7A5683E76}"
EndProject
Project("{FAE04EC0-301F-11D3-BF4B-00C04F79EFBC}") = "Classroom.SimpleCRM", "Classroom.SimpleCRM\Classroom.SimpleCRM.csproj", "{F5C6CCA1-CD53-4FC5-B889-5F0290016D3C}"
EndProject
Project("{FAE04EC0-301F-11D3-BF4B-00C04F79EFBC}") = "Classroom.SimpleCRM.WebApi", "Classroom.SimpleCRM.WebApi\Classroom.SimpleCRM.WebApi.csproj", "{7830F72D-99A8-4E64-A511-394944ADEBC9}"
EndProject
Global
	GlobalSection(SolutionConfigurationPlatforms) = preSolution
		Debug|Any CPU = Debug|Any CPU
		Release|Any CPU = Release|Any CPU
	EndGlobalSection
	GlobalSection(ProjectConfigurationPlatforms) = postSolution
		{BC87E9F0-B858-4C8F-A167-29A7A5683E76}.Debug|Any CPU.ActiveCfg = Debug|Any CPU
		{BC87E9F0-B858-4C8F-A167-29A7A5683E76}.Debug|Any CPU.Build.0 = Debug|Any CPU
		{BC87E9F0-B858-4C8F-A167-29A7A5683E76}.Release|Any CPU.ActiveCfg = Release|Any CPU
		{BC87E9F0-B858-4C8F-A167-29A7A5683E76}.Release|Any CPU.Build.0 = Release|Any CPU
		{F5C6CCA1-CD53-4FC5-B889-5F0290016D3C}.Debug|Any CPU.ActiveCfg = Debug|Any CPU
		{F5C6CCA1-CD53-4FC5-B889-5F0290016D3C}.Debug|Any CPU.Build.0 = Debug|Any CPU
		{F5C6CCA1-CD53-4FC5-B889-5F0290016D3C}.Release|Any CPU.ActiveCfg = Release|Any CPU
		{F5C6CCA1-CD53-4FC5-B889-5F0290016D3C}.Release|Any CPU.Build.0 = Release|Any CPU
		{7830F72D-99A8-4E64-A511-394944ADEBC9}.Debug|Any CPU.ActiveCfg = Debug|Any CPU
		{7830F72D-99A8-4E64-A511-394944ADEBC9}.Debug|Any CPU.Build.0 = Debug|Any CPU
		{7830F72D-99A8-4E64-A511-394944ADEBC9}.Release|Any CPU.ActiveCfg = Release|Any CPU
		{7830F72D-99A8-4E64-A511-394944ADEBC9}.Release|Any CPU.Build.0 = Release|Any CPU
	EndGlobalSection
	GlobalSection(SolutionProperties) = preSolution
		HideSolutionNode = FALSE
	EndGlobalSection
	GlobalSection(ExtensibilityGlobals) = postSolution
		SolutionGuid = {BFC63968-DCAA-4204-841B-6B2EDE277487}
	EndGlobalSection
EndGlobal
